
Microsoft Visual Studio Solution File, Format Version 12.00
# Visual Studio Version 17
VisualStudioVersion = 17.5.002.0
MinimumVisualStudioVersion = 10.0.40219.1
Project("{9A19103F-16F7-4668-BE54-9A1E7A4F7556}") = "cse210-projects", "cse210-projects.csproj", "{29B5DD03-AFF2-4187-AFB3-873A9FCA0C95}"
EndProject
Project("{2150E333-8FDC-42A3-9474-1A3956D46DE8}") = "csharp-prep", "csharp-prep", "{02062E9B-E481-4BA8-B14A-D45BD6C791AF}"
EndProject
Project("{9A19103F-16F7-4668-BE54-9A1E7A4F7556}") = "Prep1", "csharp-prep\Prep1\Prep1.csproj", "{F56781A5-B3E3-456D-9502-65D899CAB89C}"
EndProject
Project("{9A19103F-16F7-4668-BE54-9A1E7A4F7556}") = "Prep2", "csharp-prep\Prep2\Prep2.csproj", "{76E8A19F-CCD6-4C9F-9D10-AA57451FDE44}"
EndProject
Project("{9A19103F-16F7-4668-BE54-9A1E7A4F7556}") = "Prep3", "csharp-prep\Prep3\Prep3.csproj", "{237B806A-DF57-477D-A250-72B8556128E1}"
EndProject
Project("{9A19103F-16F7-4668-BE54-9A1E7A4F7556}") = "Prep4", "csharp-prep\Prep4\Prep4.csproj", "{E17B5F1B-1505-4BF8-A691-35CB0CC0FED1}"
EndProject
Project("{9A19103F-16F7-4668-BE54-9A1E7A4F7556}") = "Prep5", "csharp-prep\Prep5\Prep5.csproj", "{A853220F-7669-4631-9EEE-AAC06F441655}"
EndProject
Project("{2150E333-8FDC-42A3-9474-1A3956D46DE8}") = "final", "final", "{114A2EBF-F87F-43D0-A61D-83BA6D6A89F6}"
EndProject
Project("{9A19103F-16F7-4668-BE54-9A1E7A4F7556}") = "FinalProject", "final\FinalProject\FinalProject.csproj", "{BBF8C684-05FE-4DF7-97F9-325B50CE3350}"
EndProject
Project("{9A19103F-16F7-4668-BE54-9A1E7A4F7556}") = "Foundation1", "final\Foundation1\Foundation1.csproj", "{87DA4A1C-C7B8-4415-833E-C6A0CB081424}"
EndProject
Project("{9A19103F-16F7-4668-BE54-9A1E7A4F7556}") = "Foundation2", "final\Foundation2\Foundation2.csproj", "{00FFA459-096A-4624-8B3A-8C8AC0DFEE68}"
EndProject
Project("{9A19103F-16F7-4668-BE54-9A1E7A4F7556}") = "Foundation3", "final\Foundation3\Foundation3.csproj", "{BF6F4E0A-7E6E-450A-868C-D18885372CFD}"
EndProject
Project("{9A19103F-16F7-4668-BE54-9A1E7A4F7556}") = "Foundation4", "final\Foundation4\Foundation4.csproj", "{C0433745-6122-4AE0-A41B-9C60FCC1979E}"
EndProject
Project("{2150E333-8FDC-42A3-9474-1A3956D46DE8}") = "prepare", "prepare", "{CCDFF54F-21B0-4784-A99C-AB70CCC35B37}"
EndProject
Project("{9A19103F-16F7-4668-BE54-9A1E7A4F7556}") = "Learning02", "prepare\Learning02\Learning02.csproj", "{53189D94-3DD2-4B29-A54E-5B0C914A4CAE}"
EndProject
Project("{9A19103F-16F7-4668-BE54-9A1E7A4F7556}") = "Learning03", "prepare\Learning03\Learning03.csproj", "{3317E776-984C-4E44-922F-7B3B954612DA}"
EndProject
Project("{9A19103F-16F7-4668-BE54-9A1E7A4F7556}") = "Learning04", "prepare\Learning04\Learning04.csproj", "{F23645A2-867B-4E48-867E-B3D03A74EBE3}"
EndProject
Project("{9A19103F-16F7-4668-BE54-9A1E7A4F7556}") = "Learning05", "prepare\Learning05\Learning05.csproj", "{6E482599-2127-4A30-B56D-8C5EF25A85A9}"
EndProject
Project("{2150E333-8FDC-42A3-9474-1A3956D46DE8}") = "prove", "prove", "{D10413DE-F8BA-42DB-8B66-E26FF1B9D091}"
EndProject
Project("{9A19103F-16F7-4668-BE54-9A1E7A4F7556}") = "Develop02", "prove\Develop02\Develop02.csproj", "{8E074B48-7DC9-4F95-8581-ABF2D3448CCA}"
EndProject
Project("{9A19103F-16F7-4668-BE54-9A1E7A4F7556}") = "Develop03", "prove\Develop03\Develop03.csproj", "{C0C6255B-671D-41F6-96E1-2B5C6940A819}"
EndProject
Project("{9A19103F-16F7-4668-BE54-9A1E7A4F7556}") = "Develop04", "prove\Develop04\Develop04.csproj", "{A29059F3-D7D8-459B-AE14-958DFB056B5B}"
EndProject
Project("{9A19103F-16F7-4668-BE54-9A1E7A4F7556}") = "Develop05", "prove\Develop05\Develop05.csproj", "{1B24DABF-755A-41C4-BCC0-0FC3FF26C648}"
EndProject
Project("{2150E333-8FDC-42A3-9474-1A3956D46DE8}") = "sandbox", "sandbox", "{7953747A-7EAE-4B63-AD96-F5386AA5E8C2}"
EndProject
Project("{9A19103F-16F7-4668-BE54-9A1E7A4F7556}") = "Sandbox", "sandbox\Sandbox\Sandbox.csproj", "{846C1681-CFE4-4DC4-997D-94B305FA0227}"
EndProject
Global
	GlobalSection(SolutionConfigurationPlatforms) = preSolution
		Debug|Any CPU = Debug|Any CPU
		Release|Any CPU = Release|Any CPU
	EndGlobalSection
	GlobalSection(ProjectConfigurationPlatforms) = postSolution
		{29B5DD03-AFF2-4187-AFB3-873A9FCA0C95}.Debug|Any CPU.ActiveCfg = Debug|Any CPU
		{29B5DD03-AFF2-4187-AFB3-873A9FCA0C95}.Debug|Any CPU.Build.0 = Debug|Any CPU
		{29B5DD03-AFF2-4187-AFB3-873A9FCA0C95}.Release|Any CPU.ActiveCfg = Release|Any CPU
		{29B5DD03-AFF2-4187-AFB3-873A9FCA0C95}.Release|Any CPU.Build.0 = Release|Any CPU
		{F56781A5-B3E3-456D-9502-65D899CAB89C}.Debug|Any CPU.ActiveCfg = Debug|Any CPU
		{F56781A5-B3E3-456D-9502-65D899CAB89C}.Debug|Any CPU.Build.0 = Debug|Any CPU
		{F56781A5-B3E3-456D-9502-65D899CAB89C}.Release|Any CPU.ActiveCfg = Release|Any CPU
		{F56781A5-B3E3-456D-9502-65D899CAB89C}.Release|Any CPU.Build.0 = Release|Any CPU
		{76E8A19F-CCD6-4C9F-9D10-AA57451FDE44}.Debug|Any CPU.ActiveCfg = Debug|Any CPU
		{76E8A19F-CCD6-4C9F-9D10-AA57451FDE44}.Debug|Any CPU.Build.0 = Debug|Any CPU
		{76E8A19F-CCD6-4C9F-9D10-AA57451FDE44}.Release|Any CPU.ActiveCfg = Release|Any CPU
		{76E8A19F-CCD6-4C9F-9D10-AA57451FDE44}.Release|Any CPU.Build.0 = Release|Any CPU
		{237B806A-DF57-477D-A250-72B8556128E1}.Debug|Any CPU.ActiveCfg = Debug|Any CPU
		{237B806A-DF57-477D-A250-72B8556128E1}.Debug|Any CPU.Build.0 = Debug|Any CPU
		{237B806A-DF57-477D-A250-72B8556128E1}.Release|Any CPU.ActiveCfg = Release|Any CPU
		{237B806A-DF57-477D-A250-72B8556128E1}.Release|Any CPU.Build.0 = Release|Any CPU
		{E17B5F1B-1505-4BF8-A691-35CB0CC0FED1}.Debug|Any CPU.ActiveCfg = Debug|Any CPU
		{E17B5F1B-1505-4BF8-A691-35CB0CC0FED1}.Debug|Any CPU.Build.0 = Debug|Any CPU
		{E17B5F1B-1505-4BF8-A691-35CB0CC0FED1}.Release|Any CPU.ActiveCfg = Release|Any CPU
		{E17B5F1B-1505-4BF8-A691-35CB0CC0FED1}.Release|Any CPU.Build.0 = Release|Any CPU
		{A853220F-7669-4631-9EEE-AAC06F441655}.Debug|Any CPU.ActiveCfg = Debug|Any CPU
		{A853220F-7669-4631-9EEE-AAC06F441655}.Debug|Any CPU.Build.0 = Debug|Any CPU
		{A853220F-7669-4631-9EEE-AAC06F441655}.Release|Any CPU.ActiveCfg = Release|Any CPU
		{A853220F-7669-4631-9EEE-AAC06F441655}.Release|Any CPU.Build.0 = Release|Any CPU
		{BBF8C684-05FE-4DF7-97F9-325B50CE3350}.Debug|Any CPU.ActiveCfg = Debug|Any CPU
		{BBF8C684-05FE-4DF7-97F9-325B50CE3350}.Debug|Any CPU.Build.0 = Debug|Any CPU
		{BBF8C684-05FE-4DF7-97F9-325B50CE3350}.Release|Any CPU.ActiveCfg = Release|Any CPU
		{BBF8C684-05FE-4DF7-97F9-325B50CE3350}.Release|Any CPU.Build.0 = Release|Any CPU
		{87DA4A1C-C7B8-4415-833E-C6A0CB081424}.Debug|Any CPU.ActiveCfg = Debug|Any CPU
		{87DA4A1C-C7B8-4415-833E-C6A0CB081424}.Debug|Any CPU.Build.0 = Debug|Any CPU
		{87DA4A1C-C7B8-4415-833E-C6A0CB081424}.Release|Any CPU.ActiveCfg = Release|Any CPU
		{87DA4A1C-C7B8-4415-833E-C6A0CB081424}.Release|Any CPU.Build.0 = Release|Any CPU
		{00FFA459-096A-4624-8B3A-8C8AC0DFEE68}.Debug|Any CPU.ActiveCfg = Debug|Any CPU
		{00FFA459-096A-4624-8B3A-8C8AC0DFEE68}.Debug|Any CPU.Build.0 = Debug|Any CPU
		{00FFA459-096A-4624-8B3A-8C8AC0DFEE68}.Release|Any CPU.ActiveCfg = Release|Any CPU
		{00FFA459-096A-4624-8B3A-8C8AC0DFEE68}.Release|Any CPU.Build.0 = Release|Any CPU
		{BF6F4E0A-7E6E-450A-868C-D18885372CFD}.Debug|Any CPU.ActiveCfg = Debug|Any CPU
		{BF6F4E0A-7E6E-450A-868C-D18885372CFD}.Debug|Any CPU.Build.0 = Debug|Any CPU
		{BF6F4E0A-7E6E-450A-868C-D18885372CFD}.Release|Any CPU.ActiveCfg = Release|Any CPU
		{BF6F4E0A-7E6E-450A-868C-D18885372CFD}.Release|Any CPU.Build.0 = Release|Any CPU
		{C0433745-6122-4AE0-A41B-9C60FCC1979E}.Debug|Any CPU.ActiveCfg = Debug|Any CPU
		{C0433745-6122-4AE0-A41B-9C60FCC1979E}.Debug|Any CPU.Build.0 = Debug|Any CPU
		{C0433745-6122-4AE0-A41B-9C60FCC1979E}.Release|Any CPU.ActiveCfg = Release|Any CPU
		{C0433745-6122-4AE0-A41B-9C60FCC1979E}.Release|Any CPU.Build.0 = Release|Any CPU
		{53189D94-3DD2-4B29-A54E-5B0C914A4CAE}.Debug|Any CPU.ActiveCfg = Debug|Any CPU
		{53189D94-3DD2-4B29-A54E-5B0C914A4CAE}.Debug|Any CPU.Build.0 = Debug|Any CPU
		{53189D94-3DD2-4B29-A54E-5B0C914A4CAE}.Release|Any CPU.ActiveCfg = Release|Any CPU
		{53189D94-3DD2-4B29-A54E-5B0C914A4CAE}.Release|Any CPU.Build.0 = Release|Any CPU
		{3317E776-984C-4E44-922F-7B3B954612DA}.Debug|Any CPU.ActiveCfg = Debug|Any CPU
		{3317E776-984C-4E44-922F-7B3B954612DA}.Debug|Any CPU.Build.0 = Debug|Any CPU
		{3317E776-984C-4E44-922F-7B3B954612DA}.Release|Any CPU.ActiveCfg = Release|Any CPU
		{3317E776-984C-4E44-922F-7B3B954612DA}.Release|Any CPU.Build.0 = Release|Any CPU
		{F23645A2-867B-4E48-867E-B3D03A74EBE3}.Debug|Any CPU.ActiveCfg = Debug|Any CPU
		{F23645A2-867B-4E48-867E-B3D03A74EBE3}.Debug|Any CPU.Build.0 = Debug|Any CPU
		{F23645A2-867B-4E48-867E-B3D03A74EBE3}.Release|Any CPU.ActiveCfg = Release|Any CPU
		{F23645A2-867B-4E48-867E-B3D03A74EBE3}.Release|Any CPU.Build.0 = Release|Any CPU
		{6E482599-2127-4A30-B56D-8C5EF25A85A9}.Debug|Any CPU.ActiveCfg = Debug|Any CPU
		{6E482599-2127-4A30-B56D-8C5EF25A85A9}.Debug|Any CPU.Build.0 = Debug|Any CPU
		{6E482599-2127-4A30-B56D-8C5EF25A85A9}.Release|Any CPU.ActiveCfg = Release|Any CPU
		{6E482599-2127-4A30-B56D-8C5EF25A85A9}.Release|Any CPU.Build.0 = Release|Any CPU
		{8E074B48-7DC9-4F95-8581-ABF2D3448CCA}.Debug|Any CPU.ActiveCfg = Debug|Any CPU
		{8E074B48-7DC9-4F95-8581-ABF2D3448CCA}.Debug|Any CPU.Build.0 = Debug|Any CPU
		{8E074B48-7DC9-4F95-8581-ABF2D3448CCA}.Release|Any CPU.ActiveCfg = Release|Any CPU
		{8E074B48-7DC9-4F95-8581-ABF2D3448CCA}.Release|Any CPU.Build.0 = Release|Any CPU
		{C0C6255B-671D-41F6-96E1-2B5C6940A819}.Debug|Any CPU.ActiveCfg = Debug|Any CPU
		{C0C6255B-671D-41F6-96E1-2B5C6940A819}.Debug|Any CPU.Build.0 = Debug|Any CPU
		{C0C6255B-671D-41F6-96E1-2B5C6940A819}.Release|Any CPU.ActiveCfg = Release|Any CPU
		{C0C6255B-671D-41F6-96E1-2B5C6940A819}.Release|Any CPU.Build.0 = Release|Any CPU
		{A29059F3-D7D8-459B-AE14-958DFB056B5B}.Debug|Any CPU.ActiveCfg = Debug|Any CPU
		{A29059F3-D7D8-459B-AE14-958DFB056B5B}.Debug|Any CPU.Build.0 = Debug|Any CPU
		{A29059F3-D7D8-459B-AE14-958DFB056B5B}.Release|Any CPU.ActiveCfg = Release|Any CPU
		{A29059F3-D7D8-459B-AE14-958DFB056B5B}.Release|Any CPU.Build.0 = Release|Any CPU
		{1B24DABF-755A-41C4-BCC0-0FC3FF26C648}.Debug|Any CPU.ActiveCfg = Debug|Any CPU
		{1B24DABF-755A-41C4-BCC0-0FC3FF26C648}.Debug|Any CPU.Build.0 = Debug|Any CPU
		{1B24DABF-755A-41C4-BCC0-0FC3FF26C648}.Release|Any CPU.ActiveCfg = Release|Any CPU
		{1B24DABF-755A-41C4-BCC0-0FC3FF26C648}.Release|Any CPU.Build.0 = Release|Any CPU
		{846C1681-CFE4-4DC4-997D-94B305FA0227}.Debug|Any CPU.ActiveCfg = Debug|Any CPU
		{846C1681-CFE4-4DC4-997D-94B305FA0227}.Debug|Any CPU.Build.0 = Debug|Any CPU
		{846C1681-CFE4-4DC4-997D-94B305FA0227}.Release|Any CPU.ActiveCfg = Release|Any CPU
		{846C1681-CFE4-4DC4-997D-94B305FA0227}.Release|Any CPU.Build.0 = Release|Any CPU
	EndGlobalSection
	GlobalSection(SolutionProperties) = preSolution
		HideSolutionNode = FALSE
	EndGlobalSection
	GlobalSection(NestedProjects) = preSolution
		{F56781A5-B3E3-456D-9502-65D899CAB89C} = {02062E9B-E481-4BA8-B14A-D45BD6C791AF}
		{76E8A19F-CCD6-4C9F-9D10-AA57451FDE44} = {02062E9B-E481-4BA8-B14A-D45BD6C791AF}
		{237B806A-DF57-477D-A250-72B8556128E1} = {02062E9B-E481-4BA8-B14A-D45BD6C791AF}
		{E17B5F1B-1505-4BF8-A691-35CB0CC0FED1} = {02062E9B-E481-4BA8-B14A-D45BD6C791AF}
		{A853220F-7669-4631-9EEE-AAC06F441655} = {02062E9B-E481-4BA8-B14A-D45BD6C791AF}
		{BBF8C684-05FE-4DF7-97F9-325B50CE3350} = {114A2EBF-F87F-43D0-A61D-83BA6D6A89F6}
		{87DA4A1C-C7B8-4415-833E-C6A0CB081424} = {114A2EBF-F87F-43D0-A61D-83BA6D6A89F6}
		{00FFA459-096A-4624-8B3A-8C8AC0DFEE68} = {114A2EBF-F87F-43D0-A61D-83BA6D6A89F6}
		{BF6F4E0A-7E6E-450A-868C-D18885372CFD} = {114A2EBF-F87F-43D0-A61D-83BA6D6A89F6}
		{C0433745-6122-4AE0-A41B-9C60FCC1979E} = {114A2EBF-F87F-43D0-A61D-83BA6D6A89F6}
		{53189D94-3DD2-4B29-A54E-5B0C914A4CAE} = {CCDFF54F-21B0-4784-A99C-AB70CCC35B37}
		{3317E776-984C-4E44-922F-7B3B954612DA} = {CCDFF54F-21B0-4784-A99C-AB70CCC35B37}
		{F23645A2-867B-4E48-867E-B3D03A74EBE3} = {CCDFF54F-21B0-4784-A99C-AB70CCC35B37}
		{6E482599-2127-4A30-B56D-8C5EF25A85A9} = {CCDFF54F-21B0-4784-A99C-AB70CCC35B37}
		{8E074B48-7DC9-4F95-8581-ABF2D3448CCA} = {D10413DE-F8BA-42DB-8B66-E26FF1B9D091}
		{C0C6255B-671D-41F6-96E1-2B5C6940A819} = {D10413DE-F8BA-42DB-8B66-E26FF1B9D091}
		{A29059F3-D7D8-459B-AE14-958DFB056B5B} = {D10413DE-F8BA-42DB-8B66-E26FF1B9D091}
		{1B24DABF-755A-41C4-BCC0-0FC3FF26C648} = {D10413DE-F8BA-42DB-8B66-E26FF1B9D091}
		{846C1681-CFE4-4DC4-997D-94B305FA0227} = {7953747A-7EAE-4B63-AD96-F5386AA5E8C2}
	EndGlobalSection
	GlobalSection(ExtensibilityGlobals) = postSolution
		SolutionGuid = {CDFE6745-AD5A-4B3A-821E-9F1F471A3BC1}
	EndGlobalSection
EndGlobal
